
Microsoft Visual Studio Solution File, Format Version 12.00
# Visual Studio Version 16
VisualStudioVersion = 16.0.30204.135
MinimumVisualStudioVersion = 10.0.40219.1
Project("{FAE04EC0-301F-11D3-BF4B-00C04F79EFBC}") = "nrcv2", "nrcv2.csproj", "{16463C8D-56F1-45D6-B451-E957592E390B}"
EndProject
Global
	GlobalSection(SolutionConfigurationPlatforms) = preSolution
		Debug|Any CPU = Debug|Any CPU
		Release|Any CPU = Release|Any CPU
	EndGlobalSection
	GlobalSection(ProjectConfigurationPlatforms) = postSolution
		{16463C8D-56F1-45D6-B451-E957592E390B}.Debug|Any CPU.ActiveCfg = Debug|Any CPU
		{16463C8D-56F1-45D6-B451-E957592E390B}.Debug|Any CPU.Build.0 = Debug|Any CPU
		{16463C8D-56F1-45D6-B451-E957592E390B}.Release|Any CPU.ActiveCfg = Release|Any CPU
		{16463C8D-56F1-45D6-B451-E957592E390B}.Release|Any CPU.Build.0 = Release|Any CPU
	EndGlobalSection
	GlobalSection(SolutionProperties) = preSolution
		HideSolutionNode = FALSE
	EndGlobalSection
	GlobalSection(ExtensibilityGlobals) = postSolution
		SolutionGuid = {5DE2DAE9-29D3-4BF6-8A6D-1E32629F60C9}
	EndGlobalSection
EndGlobal
